
Microsoft Visual Studio Solution File, Format Version 12.00
# Visual Studio Version 16
VisualStudioVersion = 16.0.30204.135
MinimumVisualStudioVersion = 10.0.40219.1
Project("{FAE04EC0-301F-11D3-BF4B-00C04F79EFBC}") = "Underwater Creatures", "Underwater Creatures.csproj", "{012CE8D3-F72D-4812-9CDB-087FDAD5CC96}"
EndProject
Global
	GlobalSection(SolutionConfigurationPlatforms) = preSolution
		Debug|Any CPU = Debug|Any CPU
		Release|Any CPU = Release|Any CPU
	EndGlobalSection
	GlobalSection(ProjectConfigurationPlatforms) = postSolution
		{012CE8D3-F72D-4812-9CDB-087FDAD5CC96}.Debug|Any CPU.ActiveCfg = Debug|Any CPU
		{012CE8D3-F72D-4812-9CDB-087FDAD5CC96}.Debug|Any CPU.Build.0 = Debug|Any CPU
		{012CE8D3-F72D-4812-9CDB-087FDAD5CC96}.Release|Any CPU.ActiveCfg = Release|Any CPU
		{012CE8D3-F72D-4812-9CDB-087FDAD5CC96}.Release|Any CPU.Build.0 = Release|Any CPU
	EndGlobalSection
	GlobalSection(SolutionProperties) = preSolution
		HideSolutionNode = FALSE
	EndGlobalSection
	GlobalSection(ExtensibilityGlobals) = postSolution
		SolutionGuid = {0372FA12-9617-4800-A17E-D973DA1F1A7F}
	EndGlobalSection
EndGlobal
